{
    "version": 3,
    "terraform_version": "0.11.13",
    "serial": 12,
    "lineage": "1706817f-9369-449e-2f61-9f97e94320b5",
    "modules": [
        {
            "path": [
                "root"
            ],
            "outputs": {},
            "resources": {
                "google_compute_firewall.firewall": {
                    "type": "google_compute_firewall",
                    "depends_on": [
                        "google_compute_network.networkoutil"
                    ],
                    "primary": {
                        "id": "tesfirewall",
                        "attributes": {
                            "allow.#": "1",
                            "allow.186047796.ports.#": "2",
                            "allow.186047796.ports.0": "80",
                            "allow.186047796.ports.1": "22",
                            "allow.186047796.protocol": "tcp",
                            "creation_timestamp": "2019-10-07T01:49:06.696-07:00",
                            "deny.#": "0",
                            "description": "",
                            "destination_ranges.#": "0",
                            "direction": "INGRESS",
                            "disabled": "false",
                            "id": "tesfirewall",
                            "name": "tesfirewall",
                            "network": "https://www.googleapis.com/compute/v1/projects/mattermost-245316/global/networks/networkoutil",
                            "priority": "1000",
                            "project": "mattermost-245316",
                            "self_link": "https://www.googleapis.com/compute/v1/projects/mattermost-245316/global/firewalls/tesfirewall",
                            "source_ranges.#": "1",
                            "source_ranges.1080289494": "0.0.0.0/0",
                            "source_service_accounts.#": "0",
                            "source_tags.#": "0",
                            "target_service_accounts.#": "0",
                            "target_tags.#": "0"
                        },
                        "meta": {
                            "e2bfb730-ecaa-11e6-8f88-34363bc7c4c0": {
                                "create": 240000000000,
                                "delete": 240000000000,
                                "update": 240000000000
                            },
                            "schema_version": "1"
                        },
                        "tainted": false
                    },
                    "deposed": [],
                    "provider": "provider.google"
                },
                "google_compute_firewall.firewallkube": {
                    "type": "google_compute_firewall",
                    "depends_on": [
                        "google_compute_network.networkoutil"
                    ],
                    "primary": {
                        "id": "firewallkube",
                        "attributes": {
                            "allow.#": "1",
                            "allow.680193008.ports.#": "1",
                            "allow.680193008.ports.0": "443",
                            "allow.680193008.protocol": "tcp",
                            "creation_timestamp": "2019-10-07T03:10:17.078-07:00",
                            "deny.#": "0",
                            "description": "",
                            "destination_ranges.#": "0",
                            "direction": "INGRESS",
                            "disabled": "false",
                            "id": "firewallkube",
                            "name": "firewallkube",
                            "network": "https://www.googleapis.com/compute/v1/projects/mattermost-245316/global/networks/networkoutil",
                            "priority": "1000",
                            "project": "mattermost-245316",
                            "self_link": "https://www.googleapis.com/compute/v1/projects/mattermost-245316/global/firewalls/firewallkube",
                            "source_ranges.#": "1",
                            "source_ranges.1080289494": "0.0.0.0/0",
                            "source_service_accounts.#": "0",
                            "source_tags.#": "0",
                            "target_service_accounts.#": "0",
                            "target_tags.#": "0"
                        },
                        "meta": {
                            "e2bfb730-ecaa-11e6-8f88-34363bc7c4c0": {
                                "create": 240000000000,
                                "delete": 240000000000,
                                "update": 240000000000
                            },
                            "schema_version": "1"
                        },
                        "tainted": false
                    },
                    "deposed": [],
                    "provider": "provider.google"
                },
                "google_compute_firewall.firewalnexus": {
                    "type": "google_compute_firewall",
                    "depends_on": [
                        "google_compute_network.networkoutil"
                    ],
                    "primary": {
                        "id": "firewalnexus",
                        "attributes": {
                            "allow.#": "1",
                            "allow.2331509733.ports.#": "1",
                            "allow.2331509733.ports.0": "8081",
                            "allow.2331509733.protocol": "tcp",
                            "creation_timestamp": "2019-10-07T01:49:06.805-07:00",
                            "deny.#": "0",
                            "description": "",
                            "destination_ranges.#": "0",
                            "direction": "INGRESS",
                            "disabled": "false",
                            "id": "firewalnexus",
                            "name": "firewalnexus",
                            "network": "https://www.googleapis.com/compute/v1/projects/mattermost-245316/global/networks/networkoutil",
                            "priority": "1000",
                            "project": "mattermost-245316",
                            "self_link": "https://www.googleapis.com/compute/v1/projects/mattermost-245316/global/firewalls/firewalnexus",
                            "source_ranges.#": "1",
                            "source_ranges.1080289494": "0.0.0.0/0",
                            "source_service_accounts.#": "0",
                            "source_tags.#": "0",
                            "target_service_accounts.#": "0",
                            "target_tags.#": "1",
                            "target_tags.3297736937": "nexus-fir"
                        },
                        "meta": {
                            "e2bfb730-ecaa-11e6-8f88-34363bc7c4c0": {
                                "create": 240000000000,
                                "delete": 240000000000,
                                "update": 240000000000
                            },
                            "schema_version": "1"
                        },
                        "tainted": false
                    },
                    "deposed": [],
                    "provider": "provider.google"
                },
                "google_compute_instance.gitlab": {
                    "type": "google_compute_instance",
                    "depends_on": [
                        "google_compute_network.networkoutil",
                        "google_compute_subnetwork.suboutil2"
                    ],
                    "primary": {
                        "id": "gitlab",
                        "attributes": {
                            "attached_disk.#": "0",
                            "boot_disk.#": "1",
                            "boot_disk.0.auto_delete": "true",
                            "boot_disk.0.device_name": "persistent-disk-0",
                            "boot_disk.0.disk_encryption_key_raw": "",
                            "boot_disk.0.disk_encryption_key_sha256": "",
                            "boot_disk.0.initialize_params.#": "1",
                            "boot_disk.0.initialize_params.0.image": "https://www.googleapis.com/compute/v1/projects/centos-cloud/global/images/centos-7-v20190916",
                            "boot_disk.0.initialize_params.0.labels.%": "0",
                            "boot_disk.0.initialize_params.0.size": "10",
                            "boot_disk.0.initialize_params.0.type": "pd-standard",
                            "boot_disk.0.kms_key_self_link": "",
                            "boot_disk.0.mode": "READ_WRITE",
                            "boot_disk.0.source": "https://www.googleapis.com/compute/v1/projects/mattermost-245316/zones/europe-west2-a/disks/gitlab",
                            "can_ip_forward": "false",
                            "cpu_platform": "Intel Broadwell",
                            "deletion_protection": "false",
                            "description": "",
                            "guest_accelerator.#": "0",
                            "hostname": "",
                            "id": "gitlab",
                            "instance_id": "6811246516459977907",
                            "label_fingerprint": "42WmSpB8rSM=",
                            "labels.%": "0",
                            "machine_type": "n1-standard-1",
                            "metadata.%": "1",
                            "metadata.sshKeys": "marwa:ssh-rsa AAAAB3NzaC1yc2EAAAADAQABAAABAQC6M7Z4HlKLb+6QLaNg9eCTd2BNoeIXCdfGmp2MK2NLVWjs37h2lwMUMzyyegHqmFt4YxBZd6LPe3BoX9sN7YcdGWJ7uB37svHrzHQIp0AM/ft/u0jAyr/wVFyrbVlzF/+OdmYuT/PQTD1mPCjeI39KFjTgEAbhXzpr30U4fWh6qkjK/VsYMiDcDSbG9ZW24rECyetlM5F6pF1CpHVrHjYhnxVKkZ3AMjOAV+OHQpVoqTZWTeMITTXomTTMyuqqNBBi3cB6jXAY7Cw0Ytruu6i6IeFEn+4ncQ6F6Sl0aRgHWya5Px4LKX5Fe7H+yX8QLfA1yhQuv2j5tKnufEhfPb77 marwa@localhost.localdomain\n",
                            "metadata_fingerprint": "M0jliK6G9ck=",
                            "metadata_startup_script": "echo hi \u003e /test.txt",
                            "min_cpu_platform": "",
                            "name": "gitlab",
                            "network_interface.#": "1",
                            "network_interface.0.access_config.#": "0",
                            "network_interface.0.address": "",
                            "network_interface.0.alias_ip_range.#": "0",
                            "network_interface.0.name": "nic0",
                            "network_interface.0.network": "https://www.googleapis.com/compute/v1/projects/mattermost-245316/global/networks/networkoutil",
                            "network_interface.0.network_ip": "10.4.0.2",
                            "network_interface.0.subnetwork": "https://www.googleapis.com/compute/v1/projects/mattermost-245316/regions/europe-west2/subnetworks/suboutil2",
                            "network_interface.0.subnetwork_project": "mattermost-245316",
                            "project": "mattermost-245316",
                            "scheduling.#": "1",
                            "scheduling.0.automatic_restart": "true",
                            "scheduling.0.node_affinities.#": "0",
                            "scheduling.0.on_host_maintenance": "MIGRATE",
                            "scheduling.0.preemptible": "false",
                            "scratch_disk.#": "1",
                            "scratch_disk.0.interface": "SCSI",
                            "self_link": "https://www.googleapis.com/compute/v1/projects/mattermost-245316/zones/europe-west2-a/instances/gitlab",
                            "service_account.#": "1",
                            "service_account.0.email": "404743256020-compute@developer.gserviceaccount.com",
                            "service_account.0.scopes.#": "3",
                            "service_account.0.scopes.1632638332": "https://www.googleapis.com/auth/devstorage.read_only",
                            "service_account.0.scopes.2428168921": "https://www.googleapis.com/auth/userinfo.email",
                            "service_account.0.scopes.2862113455": "https://www.googleapis.com/auth/compute.readonly",
                            "shielded_instance_config.#": "0",
                            "tags.#": "0",
                            "tags_fingerprint": "42WmSpB8rSM=",
                            "zone": "europe-west2-a"
                        },
                        "meta": {
                            "e2bfb730-ecaa-11e6-8f88-34363bc7c4c0": {
                                "create": 1200000000000,
                                "delete": 1200000000000,
                                "update": 1200000000000
                            },
                            "schema_version": "6"
                        },
                        "tainted": false
                    },
                    "deposed": [],
                    "provider": "provider.google"
                },
                "google_compute_instance.maven": {
                    "type": "google_compute_instance",
                    "depends_on": [
                        "google_compute_network.networkoutil",
                        "google_compute_subnetwork.suboutil"
                    ],
                    "primary": {
                        "id": "maven",
                        "attributes": {
                            "attached_disk.#": "0",
                            "boot_disk.#": "1",
                            "boot_disk.0.auto_delete": "true",
                            "boot_disk.0.device_name": "persistent-disk-0",
                            "boot_disk.0.disk_encryption_key_raw": "",
                            "boot_disk.0.disk_encryption_key_sha256": "",
                            "boot_disk.0.initialize_params.#": "1",
                            "boot_disk.0.initialize_params.0.image": "https://www.googleapis.com/compute/v1/projects/centos-cloud/global/images/centos-7-v20190916",
                            "boot_disk.0.initialize_params.0.labels.%": "0",
                            "boot_disk.0.initialize_params.0.size": "10",
                            "boot_disk.0.initialize_params.0.type": "pd-standard",
                            "boot_disk.0.kms_key_self_link": "",
                            "boot_disk.0.mode": "READ_WRITE",
                            "boot_disk.0.source": "https://www.googleapis.com/compute/v1/projects/mattermost-245316/zones/europe-west1-b/disks/maven",
                            "can_ip_forward": "false",
                            "cpu_platform": "Intel Haswell",
                            "deletion_protection": "false",
                            "description": "",
                            "guest_accelerator.#": "0",
                            "hostname": "",
                            "id": "maven",
                            "instance_id": "2571352954736427760",
                            "label_fingerprint": "42WmSpB8rSM=",
                            "labels.%": "0",
                            "machine_type": "n1-standard-1",
                            "metadata.%": "1",
                            "metadata.sshKeys": "marwa:ssh-rsa AAAAB3NzaC1yc2EAAAADAQABAAABAQC6M7Z4HlKLb+6QLaNg9eCTd2BNoeIXCdfGmp2MK2NLVWjs37h2lwMUMzyyegHqmFt4YxBZd6LPe3BoX9sN7YcdGWJ7uB37svHrzHQIp0AM/ft/u0jAyr/wVFyrbVlzF/+OdmYuT/PQTD1mPCjeI39KFjTgEAbhXzpr30U4fWh6qkjK/VsYMiDcDSbG9ZW24rECyetlM5F6pF1CpHVrHjYhnxVKkZ3AMjOAV+OHQpVoqTZWTeMITTXomTTMyuqqNBBi3cB6jXAY7Cw0Ytruu6i6IeFEn+4ncQ6F6Sl0aRgHWya5Px4LKX5Fe7H+yX8QLfA1yhQuv2j5tKnufEhfPb77 marwa@localhost.localdomain\n",
                            "metadata_fingerprint": "M0jliK6G9ck=",
                            "metadata_startup_script": "echo hi \u003e /test.txt",
                            "min_cpu_platform": "",
                            "name": "maven",
                            "network_interface.#": "1",
                            "network_interface.0.access_config.#": "0",
                            "network_interface.0.address": "",
                            "network_interface.0.alias_ip_range.#": "0",
                            "network_interface.0.name": "nic0",
                            "network_interface.0.network": "https://www.googleapis.com/compute/v1/projects/mattermost-245316/global/networks/networkoutil",
                            "network_interface.0.network_ip": "10.3.0.5",
                            "network_interface.0.subnetwork": "https://www.googleapis.com/compute/v1/projects/mattermost-245316/regions/europe-west1/subnetworks/suboutil",
                            "network_interface.0.subnetwork_project": "mattermost-245316",
                            "project": "mattermost-245316",
                            "scheduling.#": "1",
                            "scheduling.0.automatic_restart": "true",
                            "scheduling.0.node_affinities.#": "0",
                            "scheduling.0.on_host_maintenance": "MIGRATE",
                            "scheduling.0.preemptible": "false",
                            "scratch_disk.#": "1",
                            "scratch_disk.0.interface": "SCSI",
                            "self_link": "https://www.googleapis.com/compute/v1/projects/mattermost-245316/zones/europe-west1-b/instances/maven",
                            "service_account.#": "1",
                            "service_account.0.email": "404743256020-compute@developer.gserviceaccount.com",
                            "service_account.0.scopes.#": "3",
                            "service_account.0.scopes.1632638332": "https://www.googleapis.com/auth/devstorage.read_only",
                            "service_account.0.scopes.2428168921": "https://www.googleapis.com/auth/userinfo.email",
                            "service_account.0.scopes.2862113455": "https://www.googleapis.com/auth/compute.readonly",
                            "shielded_instance_config.#": "0",
                            "tags.#": "0",
                            "tags_fingerprint": "42WmSpB8rSM=",
                            "zone": "europe-west1-b"
                        },
                        "meta": {
                            "e2bfb730-ecaa-11e6-8f88-34363bc7c4c0": {
                                "create": 1200000000000,
                                "delete": 1200000000000,
                                "update": 1200000000000
                            },
                            "schema_version": "6"
                        },
                        "tainted": false
                    },
                    "deposed": [],
                    "provider": "provider.google"
                },
                "google_compute_instance.nexus": {
                    "type": "google_compute_instance",
                    "depends_on": [
                        "google_compute_network.networkoutil",
                        "google_compute_subnetwork.suboutil"
                    ],
                    "primary": {
                        "id": "nexus",
                        "attributes": {
                            "attached_disk.#": "0",
                            "boot_disk.#": "1",
                            "boot_disk.0.auto_delete": "true",
                            "boot_disk.0.device_name": "persistent-disk-0",
                            "boot_disk.0.disk_encryption_key_raw": "",
                            "boot_disk.0.disk_encryption_key_sha256": "",
                            "boot_disk.0.initialize_params.#": "1",
                            "boot_disk.0.initialize_params.0.image": "https://www.googleapis.com/compute/v1/projects/centos-cloud/global/images/centos-7-v20190916",
                            "boot_disk.0.initialize_params.0.labels.%": "0",
                            "boot_disk.0.initialize_params.0.size": "10",
                            "boot_disk.0.initialize_params.0.type": "pd-standard",
                            "boot_disk.0.kms_key_self_link": "",
                            "boot_disk.0.mode": "READ_WRITE",
                            "boot_disk.0.source": "https://www.googleapis.com/compute/v1/projects/mattermost-245316/zones/europe-west1-b/disks/nexus",
                            "can_ip_forward": "false",
                            "cpu_platform": "Intel Haswell",
                            "deletion_protection": "false",
                            "description": "",
                            "guest_accelerator.#": "0",
                            "hostname": "",
                            "id": "nexus",
                            "instance_id": "1049955665955996400",
                            "label_fingerprint": "42WmSpB8rSM=",
                            "labels.%": "0",
                            "machine_type": "n1-standard-1",
                            "metadata.%": "1",
                            "metadata.sshKeys": "marwa:ssh-rsa AAAAB3NzaC1yc2EAAAADAQABAAABAQC6M7Z4HlKLb+6QLaNg9eCTd2BNoeIXCdfGmp2MK2NLVWjs37h2lwMUMzyyegHqmFt4YxBZd6LPe3BoX9sN7YcdGWJ7uB37svHrzHQIp0AM/ft/u0jAyr/wVFyrbVlzF/+OdmYuT/PQTD1mPCjeI39KFjTgEAbhXzpr30U4fWh6qkjK/VsYMiDcDSbG9ZW24rECyetlM5F6pF1CpHVrHjYhnxVKkZ3AMjOAV+OHQpVoqTZWTeMITTXomTTMyuqqNBBi3cB6jXAY7Cw0Ytruu6i6IeFEn+4ncQ6F6Sl0aRgHWya5Px4LKX5Fe7H+yX8QLfA1yhQuv2j5tKnufEhfPb77 marwa@localhost.localdomain\n",
                            "metadata_fingerprint": "M0jliK6G9ck=",
                            "metadata_startup_script": "echo hi \u003e /test.txt",
                            "min_cpu_platform": "",
                            "name": "nexus",
                            "network_interface.#": "1",
                            "network_interface.0.access_config.#": "0",
                            "network_interface.0.address": "",
                            "network_interface.0.alias_ip_range.#": "0",
                            "network_interface.0.name": "nic0",
                            "network_interface.0.network": "https://www.googleapis.com/compute/v1/projects/mattermost-245316/global/networks/networkoutil",
                            "network_interface.0.network_ip": "10.3.0.2",
                            "network_interface.0.subnetwork": "https://www.googleapis.com/compute/v1/projects/mattermost-245316/regions/europe-west1/subnetworks/suboutil",
                            "network_interface.0.subnetwork_project": "mattermost-245316",
                            "project": "mattermost-245316",
                            "scheduling.#": "1",
                            "scheduling.0.automatic_restart": "true",
                            "scheduling.0.node_affinities.#": "0",
                            "scheduling.0.on_host_maintenance": "MIGRATE",
                            "scheduling.0.preemptible": "false",
                            "scratch_disk.#": "1",
                            "scratch_disk.0.interface": "SCSI",
                            "self_link": "https://www.googleapis.com/compute/v1/projects/mattermost-245316/zones/europe-west1-b/instances/nexus",
                            "service_account.#": "1",
                            "service_account.0.email": "404743256020-compute@developer.gserviceaccount.com",
                            "service_account.0.scopes.#": "3",
                            "service_account.0.scopes.1632638332": "https://www.googleapis.com/auth/devstorage.read_only",
                            "service_account.0.scopes.2428168921": "https://www.googleapis.com/auth/userinfo.email",
                            "service_account.0.scopes.2862113455": "https://www.googleapis.com/auth/compute.readonly",
                            "shielded_instance_config.#": "0",
                            "tags.#": "1",
                            "tags.3297736937": "nexus-fir",
                            "tags_fingerprint": "dUr1Xm2D2LE=",
                            "zone": "europe-west1-b"
                        },
                        "meta": {
                            "e2bfb730-ecaa-11e6-8f88-34363bc7c4c0": {
                                "create": 1200000000000,
                                "delete": 1200000000000,
                                "update": 1200000000000
                            },
                            "schema_version": "6"
                        },
                        "tainted": false
                    },
                    "deposed": [],
                    "provider": "provider.google"
                },
                "google_compute_instance.nginx": {
                    "type": "google_compute_instance",
                    "depends_on": [
                        "google_compute_network.networkoutil",
                        "google_compute_subnetwork.suboutil"
                    ],
                    "primary": {
                        "id": "nginx",
                        "attributes": {
                            "attached_disk.#": "0",
                            "boot_disk.#": "1",
                            "boot_disk.0.auto_delete": "true",
                            "boot_disk.0.device_name": "persistent-disk-0",
                            "boot_disk.0.disk_encryption_key_raw": "",
                            "boot_disk.0.disk_encryption_key_sha256": "",
                            "boot_disk.0.initialize_params.#": "1",
                            "boot_disk.0.initialize_params.0.image": "https://www.googleapis.com/compute/v1/projects/centos-cloud/global/images/centos-7-v20190916",
                            "boot_disk.0.initialize_params.0.labels.%": "0",
                            "boot_disk.0.initialize_params.0.size": "10",
                            "boot_disk.0.initialize_params.0.type": "pd-standard",
                            "boot_disk.0.kms_key_self_link": "",
                            "boot_disk.0.mode": "READ_WRITE",
                            "boot_disk.0.source": "https://www.googleapis.com/compute/v1/projects/mattermost-245316/zones/europe-west1-b/disks/nginx",
                            "can_ip_forward": "false",
                            "cpu_platform": "Intel Haswell",
                            "deletion_protection": "false",
                            "description": "",
                            "guest_accelerator.#": "0",
                            "hostname": "",
                            "id": "nginx",
                            "instance_id": "7392435160172937264",
                            "label_fingerprint": "42WmSpB8rSM=",
                            "labels.%": "0",
                            "machine_type": "n1-standard-1",
                            "metadata.%": "1",
                            "metadata.sshKeys": "marwa:ssh-rsa AAAAB3NzaC1yc2EAAAADAQABAAABAQC6M7Z4HlKLb+6QLaNg9eCTd2BNoeIXCdfGmp2MK2NLVWjs37h2lwMUMzyyegHqmFt4YxBZd6LPe3BoX9sN7YcdGWJ7uB37svHrzHQIp0AM/ft/u0jAyr/wVFyrbVlzF/+OdmYuT/PQTD1mPCjeI39KFjTgEAbhXzpr30U4fWh6qkjK/VsYMiDcDSbG9ZW24rECyetlM5F6pF1CpHVrHjYhnxVKkZ3AMjOAV+OHQpVoqTZWTeMITTXomTTMyuqqNBBi3cB6jXAY7Cw0Ytruu6i6IeFEn+4ncQ6F6Sl0aRgHWya5Px4LKX5Fe7H+yX8QLfA1yhQuv2j5tKnufEhfPb77 marwa@localhost.localdomain\n",
                            "metadata_fingerprint": "M0jliK6G9ck=",
                            "metadata_startup_script": "echo hi \u003e /test.txt",
                            "min_cpu_platform": "",
                            "name": "nginx",
                            "network_interface.#": "1",
                            "network_interface.0.access_config.#": "1",
                            "network_interface.0.access_config.0.assigned_nat_ip": "",
                            "network_interface.0.access_config.0.nat_ip": "104.155.127.27",
                            "network_interface.0.access_config.0.network_tier": "PREMIUM",
                            "network_interface.0.access_config.0.public_ptr_domain_name": "",
                            "network_interface.0.address": "",
                            "network_interface.0.alias_ip_range.#": "0",
                            "network_interface.0.name": "nic0",
                            "network_interface.0.network": "https://www.googleapis.com/compute/v1/projects/mattermost-245316/global/networks/networkoutil",
                            "network_interface.0.network_ip": "10.3.0.8",
                            "network_interface.0.subnetwork": "https://www.googleapis.com/compute/v1/projects/mattermost-245316/regions/europe-west1/subnetworks/suboutil",
                            "network_interface.0.subnetwork_project": "mattermost-245316",
                            "project": "mattermost-245316",
                            "scheduling.#": "1",
                            "scheduling.0.automatic_restart": "true",
                            "scheduling.0.node_affinities.#": "0",
                            "scheduling.0.on_host_maintenance": "MIGRATE",
                            "scheduling.0.preemptible": "false",
                            "scratch_disk.#": "1",
                            "scratch_disk.0.interface": "SCSI",
                            "self_link": "https://www.googleapis.com/compute/v1/projects/mattermost-245316/zones/europe-west1-b/instances/nginx",
                            "service_account.#": "1",
                            "service_account.0.email": "404743256020-compute@developer.gserviceaccount.com",
                            "service_account.0.scopes.#": "3",
                            "service_account.0.scopes.1632638332": "https://www.googleapis.com/auth/devstorage.read_only",
                            "service_account.0.scopes.2428168921": "https://www.googleapis.com/auth/userinfo.email",
                            "service_account.0.scopes.2862113455": "https://www.googleapis.com/auth/compute.readonly",
                            "shielded_instance_config.#": "0",
                            "tags.#": "0",
                            "tags_fingerprint": "42WmSpB8rSM=",
                            "zone": "europe-west1-b"
                        },
                        "meta": {
                            "e2bfb730-ecaa-11e6-8f88-34363bc7c4c0": {
                                "create": 1200000000000,
                                "delete": 1200000000000,
                                "update": 1200000000000
                            },
                            "schema_version": "6"
                        },
                        "tainted": false
                    },
                    "deposed": [],
                    "provider": "provider.google"
                },
                "google_compute_network.networkoutil": {
                    "type": "google_compute_network",
                    "depends_on": [],
                    "primary": {
                        "id": "networkoutil",
                        "attributes": {
                            "auto_create_subnetworks": "false",
                            "delete_default_routes_on_create": "false",
                            "description": "",
                            "gateway_ipv4": "",
                            "id": "networkoutil",
                            "ipv4_range": "",
                            "name": "networkoutil",
                            "project": "mattermost-245316",
                            "routing_mode": "REGIONAL",
                            "self_link": "https://www.googleapis.com/compute/v1/projects/mattermost-245316/global/networks/networkoutil"
                        },
                        "meta": {
                            "e2bfb730-ecaa-11e6-8f88-34363bc7c4c0": {
                                "create": 240000000000,
                                "delete": 240000000000,
                                "update": 240000000000
                            }
                        },
                        "tainted": false
                    },
                    "deposed": [],
                    "provider": "provider.google"
                },
                "google_compute_subnetwork.subk8s": {
                    "type": "google_compute_subnetwork",
                    "depends_on": [
                        "google_compute_network.networkoutil"
                    ],
                    "primary": {
                        "id": "europe-west2/subk8s",
                        "attributes": {
                            "creation_timestamp": "2019-10-07T03:10:17.363-07:00",
                            "description": "",
                            "enable_flow_logs": "false",
                            "fingerprint": "k6uRODut9SM=",
                            "gateway_address": "10.5.0.1",
                            "id": "europe-west2/subk8s",
                            "ip_cidr_range": "10.5.0.0/16",
                            "name": "subk8s",
                            "network": "https://www.googleapis.com/compute/v1/projects/mattermost-245316/global/networks/networkoutil",
                            "private_ip_google_access": "false",
                            "project": "mattermost-245316",
                            "region": "europe-west2",
                            "secondary_ip_range.#": "0",
                            "self_link": "https://www.googleapis.com/compute/v1/projects/mattermost-245316/regions/europe-west2/subnetworks/subk8s"
                        },
                        "meta": {
                            "e2bfb730-ecaa-11e6-8f88-34363bc7c4c0": {
                                "create": 360000000000,
                                "delete": 360000000000,
                                "update": 360000000000
                            }
                        },
                        "tainted": false
                    },
                    "deposed": [],
                    "provider": "provider.google"
                },
                "google_compute_subnetwork.suboutil": {
                    "type": "google_compute_subnetwork",
                    "depends_on": [
                        "google_compute_network.networkoutil"
                    ],
                    "primary": {
                        "id": "europe-west1/suboutil",
                        "attributes": {
                            "creation_timestamp": "2019-10-07T01:49:06.756-07:00",
                            "description": "",
                            "enable_flow_logs": "false",
                            "fingerprint": "DFyqwH_mtMM=",
                            "gateway_address": "10.3.0.1",
                            "id": "europe-west1/suboutil",
                            "ip_cidr_range": "10.3.0.0/16",
                            "name": "suboutil",
                            "network": "https://www.googleapis.com/compute/v1/projects/mattermost-245316/global/networks/networkoutil",
                            "private_ip_google_access": "false",
                            "project": "mattermost-245316",
                            "region": "europe-west1",
                            "secondary_ip_range.#": "0",
                            "self_link": "https://www.googleapis.com/compute/v1/projects/mattermost-245316/regions/europe-west1/subnetworks/suboutil"
                        },
                        "meta": {
                            "e2bfb730-ecaa-11e6-8f88-34363bc7c4c0": {
                                "create": 360000000000,
                                "delete": 360000000000,
                                "update": 360000000000
                            }
                        },
                        "tainted": false
                    },
                    "deposed": [],
                    "provider": "provider.google"
                },
                "google_compute_subnetwork.suboutil2": {
                    "type": "google_compute_subnetwork",
                    "depends_on": [
                        "google_compute_network.networkoutil"
                    ],
                    "primary": {
                        "id": "europe-west2/suboutil2",
                        "attributes": {
                            "creation_timestamp": "2019-10-07T02:15:53.533-07:00",
                            "description": "",
                            "enable_flow_logs": "false",
                            "fingerprint": "nJIihP931eY=",
                            "gateway_address": "10.4.0.1",
                            "id": "europe-west2/suboutil2",
                            "ip_cidr_range": "10.4.0.0/16",
                            "name": "suboutil2",
                            "network": "https://www.googleapis.com/compute/v1/projects/mattermost-245316/global/networks/networkoutil",
                            "private_ip_google_access": "false",
                            "project": "mattermost-245316",
                            "region": "europe-west2",
                            "secondary_ip_range.#": "0",
                            "self_link": "https://www.googleapis.com/compute/v1/projects/mattermost-245316/regions/europe-west2/subnetworks/suboutil2"
                        },
                        "meta": {
                            "e2bfb730-ecaa-11e6-8f88-34363bc7c4c0": {
                                "create": 360000000000,
                                "delete": 360000000000,
                                "update": 360000000000
                            }
                        },
                        "tainted": false
                    },
                    "deposed": [],
                    "provider": "provider.google"
                },
                "google_container_cluster.cluster": {
                    "type": "google_container_cluster",
                    "depends_on": [
                        "google_compute_network.networkoutil",
                        "google_compute_subnetwork.subk8s"
                    ],
                    "primary": {
                        "id": "cluster",
                        "attributes": {
                            "additional_zones.#": "0",
                            "addons_config.#": "1",
                            "addons_config.0.horizontal_pod_autoscaling.#": "0",
                            "addons_config.0.http_load_balancing.#": "0",
                            "addons_config.0.kubernetes_dashboard.#": "1",
                            "addons_config.0.kubernetes_dashboard.0.disabled": "true",
                            "addons_config.0.network_policy_config.#": "1",
                            "addons_config.0.network_policy_config.0.disabled": "true",
                            "cluster_autoscaling.#": "0",
                            "cluster_ipv4_cidr": "10.32.0.0/14",
                            "description": "",
                            "enable_kubernetes_alpha": "false",
                            "enable_legacy_abac": "false",
                            "endpoint": "35.234.134.214",
                            "id": "cluster",
                            "initial_node_count": "1",
                            "instance_group_urls.#": "0",
                            "ip_allocation_policy.#": "1",
                            "ip_allocation_policy.0.cluster_ipv4_cidr_block": "10.32.0.0/14",
                            "ip_allocation_policy.0.cluster_secondary_range_name": "gke-cluster-pods-d5d23a4b",
                            "ip_allocation_policy.0.create_subnetwork": "false",
                            "ip_allocation_policy.0.node_ipv4_cidr_block": "10.5.0.0/16",
                            "ip_allocation_policy.0.services_ipv4_cidr_block": "10.227.0.0/20",
                            "ip_allocation_policy.0.services_secondary_range_name": "gke-cluster-services-d5d23a4b",
                            "ip_allocation_policy.0.subnetwork_name": "",
                            "ip_allocation_policy.0.use_ip_aliases": "true",
                            "location": "europe-west2-a",
                            "logging_service": "logging.googleapis.com",
                            "maintenance_policy.#": "0",
                            "master_auth.#": "1",
                            "master_auth.0.client_certificate": "",
                            "master_auth.0.client_certificate_config.#": "1",
                            "master_auth.0.client_certificate_config.0.issue_client_certificate": "false",
                            "master_auth.0.client_key": "",
                            "master_auth.0.cluster_ca_certificate": "LS0tLS1CRUdJTiBDRVJUSUZJQ0FURS0tLS0tCk1JSURDekNDQWZPZ0F3SUJBZ0lRRS9GTDZReXBtNVErT0dzbzZTU1puakFOQmdrcWhraUc5dzBCQVFzRkFEQXYKTVMwd0t3WURWUVFERXlRM01ESmhabUkxTmkwM01UVTVMVFJqTUdVdFlUWXhOaTFqTXpSbU1qSXhaVEV5TkRrdwpIaGNOTVRreE1EQTNNVEF3TVRRNVdoY05NalF4TURBMU1URXdNVFE1V2pBdk1TMHdLd1lEVlFRREV5UTNNREpoClptSTFOaTAzTVRVNUxUUmpNR1V0WVRZeE5pMWpNelJtTWpJeFpURXlORGt3Z2dFaU1BMEdDU3FHU0liM0RRRUIKQVFVQUE0SUJEd0F3Z2dFS0FvSUJBUUMwNU5MLzRnRlpuWkQxeGF3NWlMaGNwQ3RoNS82UytNb0FuNXZHNUYwbAp5K1d0QnljcEZZMDNuZU9uTGxxLzFmV0hVQlUrMmhvMXZsbjk5a2Z4SnNjWGZzS1JGaEhnK0dNOVJIcEdNd3htClB5U3FqSm10eVFTbTNSdmF6Q1FqdElsQlJtazkzM0tFUUJsNTI0cnYrWGphc3F2bjUyb3doRURRYk9wZ1hHaXkKNEZBekxTS2FYYStEZHkzQ2FBYzZzMmhaU0NxZUhoVVA5ZDNwdW5qbjlKeURtdGc4eHBRUGt3L2FCWEhSbXB0aAp2L0Y3c3VJQ2UxcXMzQWZwL0JqODdBMEljUnNMejdDY1dxaytldXU0ZGdSZFR0UzJoa0tiMjVKcHFZUEZGZUxSCkhNbVp1dTNlRmVVbk1JTkJraXl2N045SVVRVy85aWg2K2swNU5nbWU5RUtYQWdNQkFBR2pJekFoTUE0R0ExVWQKRHdFQi93UUVBd0lDQkRBUEJnTlZIUk1CQWY4RUJUQURBUUgvTUEwR0NTcUdTSWIzRFFFQkN3VUFBNElCQVFDegpCNVMzU2hJbmJ1T1JFYitSQWZGaWRWU1IyVVBNUDl2UmQ0Q004Y1BuK1FpMXprNytaR2Y4eDhTT1krR1o1ZjI3CnNTQ2VTR0I3cGkzSkYwem8vWGlMaDJqZmY2SXRyT2VJdzAvNjYvRUYvdE5FeWpqOHZoRmdWRTNhaXliSnBpb1MKMXBIdnk3dzN3MjVUTE5RcC9nNTh2ZmF0U0UrK1FaUUtmQ0pFajdzN1hOeDhadkxMaGR0MkRwc2thS1did3BzRApraDhsbkFNUkVjWUlGZWkyRW1IZUZOR2czVzZlcklkSXRqTHNjb3VzQ3gzTlV5NjA1MHVDTkNBemVyOWM0TTFDCklpeG1ZR0dVRUpRSFRkRGVHTVIxUWxVN0xzUS8xd2FOZ00rbVlzdnJJaUdiSFBUMVI1KzhKQzBBUFhhUDJuVUsKM1E0QW5WSHc3ZUM3L1NqdVNybjMKLS0tLS1FTkQgQ0VSVElGSUNBVEUtLS0tLQo=",
                            "master_auth.0.password": "",
                            "master_auth.0.username": "",
                            "master_authorized_networks_config.#": "1",
                            "master_authorized_networks_config.0.cidr_blocks.#": "2",
                            "master_authorized_networks_config.0.cidr_blocks.3466923692.cidr_block": "10.6.0.0/16",
                            "master_authorized_networks_config.0.cidr_blocks.3466923692.display_name": "net4",
                            "master_authorized_networks_config.0.cidr_blocks.3768972078.cidr_block": "10.2.0.0/16",
                            "master_authorized_networks_config.0.cidr_blocks.3768972078.display_name": "net3",
                            "master_version": "1.13.7-gke.24",
                            "monitoring_service": "monitoring.googleapis.com",
                            "name": "cluster",
                            "network": "projects/mattermost-245316/global/networks/networkoutil",
                            "network_policy.#": "1",
                            "network_policy.0.enabled": "false",
                            "network_policy.0.provider": "PROVIDER_UNSPECIFIED",
                            "node_config.#": "0",
                            "node_locations.#": "0",
                            "node_pool.#": "0",
                            "node_version": "1.13.7-gke.24",
                            "private_cluster_config.#": "0",
                            "project": "mattermost-245316",
                            "remove_default_node_pool": "true",
                            "resource_labels.%": "0",
                            "services_ipv4_cidr": "10.227.0.0/20",
                            "subnetwork": "projects/mattermost-245316/regions/europe-west2/subnetworks/subk8s",
                            "zone": "europe-west2-a"
                        },
                        "meta": {
                            "e2bfb730-ecaa-11e6-8f88-34363bc7c4c0": {
                                "create": 1800000000000,
                                "delete": 1800000000000,
                                "update": 3600000000000
                            },
                            "schema_version": "1"
                        },
                        "tainted": false
                    },
                    "deposed": [],
                    "provider": "provider.google"
                }
            },
            "depends_on": []
        }
    ]
}
